
Microsoft Visual Studio Solution File, Format Version 12.00
Project("{2150E333-8FDC-42A3-9474-1A3956D46DE8}") = "assets", "assets", "{396B6A47-2806-4E9A-8095-977C3E8AA96F}"
	ProjectSection(SolutionItems) = preProject
		assets\nom.webp = assets\nom.webp
		assets\Rainbow.ico = assets\Rainbow.ico
		assets\Rainbow.png = assets\Rainbow.png
	EndProjectSection
EndProject
Project("{FAE04EC0-301F-11D3-BF4B-00C04F79EFBC}") = "Lolcat", "src\Lolcat\Lolcat.csproj", "{9B21394F-17B9-4474-A711-A8CBBF718B25}"
EndProject
Project("{FAE04EC0-301F-11D3-BF4B-00C04F79EFBC}") = "Lolcat.Tests", "tests\Lolcat.Tests\Lolcat.Tests.csproj", "{D8A017AF-8833-436D-B0C9-E328FE0CF150}"
EndProject
Project("{2150E333-8FDC-42A3-9474-1A3956D46DE8}") = "items", "items", "{F7A39F4E-1ADD-4E51-A2FF-1F58469AD4B5}"
	ProjectSection(SolutionItems) = preProject
		LICENSE = LICENSE
		README.md = README.md
		.editorconfig = .editorconfig
		Directory.Build.props = Directory.Build.props
		nuget.config = nuget.config
		.github\dependabot.yml = .github\dependabot.yml
		.github\workflows\workflow.yml = .github\workflows\workflow.yml
		.gitignore = .gitignore
	EndProjectSection
EndProject
Project("{FAE04EC0-301F-11D3-BF4B-00C04F79EFBC}") = "Lolcat.Benchmarks", "tests\Lolcat.Benchmarks\Lolcat.Benchmarks.csproj", "{7EEA7A0C-488C-43FA-B88F-1A26B3039B2B}"
EndProject
Project("{2150E333-8FDC-42A3-9474-1A3956D46DE8}") = "src", "src", "{401A9B09-7863-4EF9-8555-2879DE297DAC}"
EndProject
Project("{2150E333-8FDC-42A3-9474-1A3956D46DE8}") = "tests", "tests", "{9FAD3B1D-75DC-4737-9908-92627E6EE45B}"
EndProject
Global
	GlobalSection(SolutionConfigurationPlatforms) = preSolution
		Debug|Any CPU = Debug|Any CPU
		Release|Any CPU = Release|Any CPU
	EndGlobalSection
	GlobalSection(ProjectConfigurationPlatforms) = postSolution
		{9B21394F-17B9-4474-A711-A8CBBF718B25}.Debug|Any CPU.ActiveCfg = Debug|Any CPU
		{9B21394F-17B9-4474-A711-A8CBBF718B25}.Debug|Any CPU.Build.0 = Debug|Any CPU
		{9B21394F-17B9-4474-A711-A8CBBF718B25}.Release|Any CPU.ActiveCfg = Release|Any CPU
		{9B21394F-17B9-4474-A711-A8CBBF718B25}.Release|Any CPU.Build.0 = Release|Any CPU
		{D8A017AF-8833-436D-B0C9-E328FE0CF150}.Debug|Any CPU.ActiveCfg = Debug|Any CPU
		{D8A017AF-8833-436D-B0C9-E328FE0CF150}.Debug|Any CPU.Build.0 = Debug|Any CPU
		{D8A017AF-8833-436D-B0C9-E328FE0CF150}.Release|Any CPU.ActiveCfg = Release|Any CPU
		{D8A017AF-8833-436D-B0C9-E328FE0CF150}.Release|Any CPU.Build.0 = Release|Any CPU
		{7EEA7A0C-488C-43FA-B88F-1A26B3039B2B}.Debug|Any CPU.ActiveCfg = Debug|Any CPU
		{7EEA7A0C-488C-43FA-B88F-1A26B3039B2B}.Debug|Any CPU.Build.0 = Debug|Any CPU
		{7EEA7A0C-488C-43FA-B88F-1A26B3039B2B}.Release|Any CPU.ActiveCfg = Release|Any CPU
		{7EEA7A0C-488C-43FA-B88F-1A26B3039B2B}.Release|Any CPU.Build.0 = Release|Any CPU
	EndGlobalSection
	GlobalSection(NestedProjects) = preSolution
		{9B21394F-17B9-4474-A711-A8CBBF718B25} = {401A9B09-7863-4EF9-8555-2879DE297DAC}
		{7EEA7A0C-488C-43FA-B88F-1A26B3039B2B} = {9FAD3B1D-75DC-4737-9908-92627E6EE45B}
		{D8A017AF-8833-436D-B0C9-E328FE0CF150} = {9FAD3B1D-75DC-4737-9908-92627E6EE45B}
	EndGlobalSection
EndGlobal
